
Microsoft Visual Studio Solution File, Format Version 12.00
# Visual Studio Version 16
VisualStudioVersion = 16.0.29709.97
MinimumVisualStudioVersion = 10.0.40219.1
Project("{FAE04EC0-301F-11D3-BF4B-00C04F79EFBC}") = "Password Strength", "Password Strength\Password Strength.csproj", "{BB52D36A-08FD-4D7A-82E1-5306919EC472}"
EndProject
Global
	GlobalSection(SolutionConfigurationPlatforms) = preSolution
		Debug|Any CPU = Debug|Any CPU
		Release|Any CPU = Release|Any CPU
	EndGlobalSection
	GlobalSection(ProjectConfigurationPlatforms) = postSolution
		{BB52D36A-08FD-4D7A-82E1-5306919EC472}.Debug|Any CPU.ActiveCfg = Debug|Any CPU
		{BB52D36A-08FD-4D7A-82E1-5306919EC472}.Debug|Any CPU.Build.0 = Debug|Any CPU
		{BB52D36A-08FD-4D7A-82E1-5306919EC472}.Release|Any CPU.ActiveCfg = Release|Any CPU
		{BB52D36A-08FD-4D7A-82E1-5306919EC472}.Release|Any CPU.Build.0 = Release|Any CPU
	EndGlobalSection
	GlobalSection(SolutionProperties) = preSolution
		HideSolutionNode = FALSE
	EndGlobalSection
	GlobalSection(ExtensibilityGlobals) = postSolution
		SolutionGuid = {4A53DDE8-2521-4EB8-B63E-61FC3AB82D02}
	EndGlobalSection
EndGlobal
